// !$*UTF8*$!
{
	archiveVersion = 1;
	classes = {
	};
	objectVersion = 56;
	objects = {

/* Begin PBXBuildFile section */
		A10000001 /* DayPageApp.swift in Sources */ = {isa = PBXBuildFile; fileRef = A20000001 /* DayPageApp.swift */; };
		A10000002 /* RootView.swift in Sources */ = {isa = PBXBuildFile; fileRef = A20000002 /* RootView.swift */; };
		A10000003 /* VaultInitializer.swift in Sources */ = {isa = PBXBuildFile; fileRef = A20000003 /* VaultInitializer.swift */; };
		A10000004 /* GeneratedSecrets.swift in Sources */ = {isa = PBXBuildFile; fileRef = A20000004 /* GeneratedSecrets.swift */; };
		A10000005 /* Colors.swift in Sources */ = {isa = PBXBuildFile; fileRef = A20000005 /* Colors.swift */; };
		A10000006 /* Typography.swift in Sources */ = {isa = PBXBuildFile; fileRef = A20000006 /* Typography.swift */; };
		A10000007 /* Components.swift in Sources */ = {isa = PBXBuildFile; fileRef = A20000007 /* Components.swift */; };
		A10000008 /* Memo.swift in Sources */ = {isa = PBXBuildFile; fileRef = A20000008 /* Memo.swift */; };
		A10000009 /* RawStorage.swift in Sources */ = {isa = PBXBuildFile; fileRef = A20000009 /* RawStorage.swift */; };
		A10000010 /* TodayView.swift in Sources */ = {isa = PBXBuildFile; fileRef = A20000010 /* TodayView.swift */; };
		A10000011 /* ArchiveView.swift in Sources */ = {isa = PBXBuildFile; fileRef = A20000011 /* ArchiveView.swift */; };
		A10000012 /* GraphView.swift in Sources */ = {isa = PBXBuildFile; fileRef = A20000012 /* GraphView.swift */; };
		A10000035 /* GraphViewModel.swift in Sources */ = {isa = PBXBuildFile; fileRef = A20000035 /* GraphViewModel.swift */; };
		A10000013 /* TodayViewModel.swift in Sources */ = {isa = PBXBuildFile; fileRef = A20000013 /* TodayViewModel.swift */; };
		A10000014 /* MemoCardView.swift in Sources */ = {isa = PBXBuildFile; fileRef = A20000014 /* MemoCardView.swift */; };
		A10000015 /* InputBarView.swift in Sources */ = {isa = PBXBuildFile; fileRef = A20000015 /* InputBarView.swift */; };
		A10000016 /* LocationService.swift in Sources */ = {isa = PBXBuildFile; fileRef = A20000016 /* LocationService.swift */; };
		A10000017 /* WeatherService.swift in Sources */ = {isa = PBXBuildFile; fileRef = A20000017 /* WeatherService.swift */; };
		A10000018 /* PhotoService.swift in Sources */ = {isa = PBXBuildFile; fileRef = A20000018 /* PhotoService.swift */; };
		A10000019 /* VoiceService.swift in Sources */ = {isa = PBXBuildFile; fileRef = A20000019 /* VoiceService.swift */; };
		A10000020 /* VoiceRecordingView.swift in Sources */ = {isa = PBXBuildFile; fileRef = A20000020 /* VoiceRecordingView.swift */; };
		A10000033 /* CameraPickerView.swift in Sources */ = {isa = PBXBuildFile; fileRef = A20000033 /* CameraPickerView.swift */; };
		A10000034 /* DocumentPickerView.swift in Sources */ = {isa = PBXBuildFile; fileRef = A20000034 /* DocumentPickerView.swift */; };
		A10000021 /* CompilationService.swift in Sources */ = {isa = PBXBuildFile; fileRef = A20000021 /* CompilationService.swift */; };
		A10000022 /* EntityPageService.swift in Sources */ = {isa = PBXBuildFile; fileRef = A20000022 /* EntityPageService.swift */; };
		A10000023 /* BackgroundCompilationService.swift in Sources */ = {isa = PBXBuildFile; fileRef = A20000023 /* BackgroundCompilationService.swift */; };
		A10000025 /* DailyPageView.swift in Sources */ = {isa = PBXBuildFile; fileRef = A20000025 /* DailyPageView.swift */; };
		A10000026 /* EntityPageView.swift in Sources */ = {isa = PBXBuildFile; fileRef = A20000026 /* EntityPageView.swift */; };
		A10000027 /* SearchService.swift in Sources */ = {isa = PBXBuildFile; fileRef = A20000027 /* SearchService.swift */; };
		A10000028 /* SearchView.swift in Sources */ = {isa = PBXBuildFile; fileRef = A20000028 /* SearchView.swift */; };
		A10000031 /* RawMemoView.swift in Sources */ = {isa = PBXBuildFile; fileRef = A20000031 /* RawMemoView.swift */; };
		A10000030 /* SettingsView.swift in Sources */ = {isa = PBXBuildFile; fileRef = A20000030 /* SettingsView.swift */; };
		A10000032 /* PassiveLocationService.swift in Sources */ = {isa = PBXBuildFile; fileRef = A20000032 /* PassiveLocationService.swift */; };
		A10000036 /* DayPageLogger.swift in Sources */ = {isa = PBXBuildFile; fileRef = A20000036 /* DayPageLogger.swift */; };
		AF0000001 /* SpaceGrotesk-Light.ttf in Resources */ = {isa = PBXBuildFile; fileRef = AF1000001 /* SpaceGrotesk-Light.ttf */; };
		AF0000002 /* SpaceGrotesk-Regular.ttf in Resources */ = {isa = PBXBuildFile; fileRef = AF1000002 /* SpaceGrotesk-Regular.ttf */; };
		AF0000003 /* SpaceGrotesk-Medium.ttf in Resources */ = {isa = PBXBuildFile; fileRef = AF1000003 /* SpaceGrotesk-Medium.ttf */; };
		AF0000004 /* SpaceGrotesk-SemiBold.ttf in Resources */ = {isa = PBXBuildFile; fileRef = AF1000004 /* SpaceGrotesk-SemiBold.ttf */; };
		AF0000005 /* SpaceGrotesk-Bold.ttf in Resources */ = {isa = PBXBuildFile; fileRef = AF1000005 /* SpaceGrotesk-Bold.ttf */; };
		AF0000006 /* Inter-Light.ttf in Resources */ = {isa = PBXBuildFile; fileRef = AF1000006 /* Inter-Light.ttf */; };
		AF0000007 /* Inter-Regular.ttf in Resources */ = {isa = PBXBuildFile; fileRef = AF1000007 /* Inter-Regular.ttf */; };
		AF0000008 /* Inter-Medium.ttf in Resources */ = {isa = PBXBuildFile; fileRef = AF1000008 /* Inter-Medium.ttf */; };
		AF0000009 /* Inter-SemiBold.ttf in Resources */ = {isa = PBXBuildFile; fileRef = AF1000009 /* Inter-SemiBold.ttf */; };
		AF0000010 /* Inter-Bold.ttf in Resources */ = {isa = PBXBuildFile; fileRef = AF1000010 /* Inter-Bold.ttf */; };
		AF0000011 /* JetBrainsMono-Regular.ttf in Resources */ = {isa = PBXBuildFile; fileRef = AF1000011 /* JetBrainsMono-Regular.ttf */; };
		AF0000012 /* JetBrainsMono-Medium.ttf in Resources */ = {isa = PBXBuildFile; fileRef = AF1000012 /* JetBrainsMono-Medium.ttf */; };
		A10000029 /* Assets.xcassets in Resources */ = {isa = PBXBuildFile; fileRef = A20000029 /* Assets.xcassets */; };
/* End PBXBuildFile section */

/* Begin PBXFileReference section */
		A20000001 /* DayPageApp.swift */ = {isa = PBXFileReference; lastKnownFileType = sourcecode.swift; path = DayPageApp.swift; sourceTree = "<group>"; };
		A20000002 /* RootView.swift */ = {isa = PBXFileReference; lastKnownFileType = sourcecode.swift; path = RootView.swift; sourceTree = "<group>"; };
		A20000003 /* VaultInitializer.swift */ = {isa = PBXFileReference; lastKnownFileType = sourcecode.swift; path = VaultInitializer.swift; sourceTree = "<group>"; };
		A20000004 /* GeneratedSecrets.swift */ = {isa = PBXFileReference; lastKnownFileType = sourcecode.swift; path = GeneratedSecrets.swift; sourceTree = "<group>"; };
		A20000005 /* Colors.swift */ = {isa = PBXFileReference; lastKnownFileType = sourcecode.swift; path = Colors.swift; sourceTree = "<group>"; };
		A20000006 /* Typography.swift */ = {isa = PBXFileReference; lastKnownFileType = sourcecode.swift; path = Typography.swift; sourceTree = "<group>"; };
		A20000007 /* Components.swift */ = {isa = PBXFileReference; lastKnownFileType = sourcecode.swift; path = Components.swift; sourceTree = "<group>"; };
		A20000008 /* Memo.swift */ = {isa = PBXFileReference; lastKnownFileType = sourcecode.swift; path = Memo.swift; sourceTree = "<group>"; };
		A20000009 /* RawStorage.swift */ = {isa = PBXFileReference; lastKnownFileType = sourcecode.swift; path = RawStorage.swift; sourceTree = "<group>"; };
		A20000010 /* TodayView.swift */ = {isa = PBXFileReference; lastKnownFileType = sourcecode.swift; path = TodayView.swift; sourceTree = "<group>"; };
		A20000011 /* ArchiveView.swift */ = {isa = PBXFileReference; lastKnownFileType = sourcecode.swift; path = ArchiveView.swift; sourceTree = "<group>"; };
		A20000012 /* GraphView.swift */ = {isa = PBXFileReference; lastKnownFileType = sourcecode.swift; path = GraphView.swift; sourceTree = "<group>"; };
		A20000035 /* GraphViewModel.swift */ = {isa = PBXFileReference; lastKnownFileType = sourcecode.swift; path = GraphViewModel.swift; sourceTree = "<group>"; };
		A20000013 /* TodayViewModel.swift */ = {isa = PBXFileReference; lastKnownFileType = sourcecode.swift; path = TodayViewModel.swift; sourceTree = "<group>"; };
		A20000014 /* MemoCardView.swift */ = {isa = PBXFileReference; lastKnownFileType = sourcecode.swift; path = MemoCardView.swift; sourceTree = "<group>"; };
		A20000015 /* InputBarView.swift */ = {isa = PBXFileReference; lastKnownFileType = sourcecode.swift; path = InputBarView.swift; sourceTree = "<group>"; };
		A20000016 /* LocationService.swift */ = {isa = PBXFileReference; lastKnownFileType = sourcecode.swift; path = LocationService.swift; sourceTree = "<group>"; };
		A20000017 /* WeatherService.swift */ = {isa = PBXFileReference; lastKnownFileType = sourcecode.swift; path = WeatherService.swift; sourceTree = "<group>"; };
		A20000018 /* PhotoService.swift */ = {isa = PBXFileReference; lastKnownFileType = sourcecode.swift; path = PhotoService.swift; sourceTree = "<group>"; };
		A20000019 /* VoiceService.swift */ = {isa = PBXFileReference; lastKnownFileType = sourcecode.swift; path = VoiceService.swift; sourceTree = "<group>"; };
		A20000020 /* VoiceRecordingView.swift */ = {isa = PBXFileReference; lastKnownFileType = sourcecode.swift; path = VoiceRecordingView.swift; sourceTree = "<group>"; };
		A20000033 /* CameraPickerView.swift */ = {isa = PBXFileReference; lastKnownFileType = sourcecode.swift; path = CameraPickerView.swift; sourceTree = "<group>"; };
		A20000034 /* DocumentPickerView.swift */ = {isa = PBXFileReference; lastKnownFileType = sourcecode.swift; path = DocumentPickerView.swift; sourceTree = "<group>"; };
		A20000021 /* CompilationService.swift */ = {isa = PBXFileReference; lastKnownFileType = sourcecode.swift; path = CompilationService.swift; sourceTree = "<group>"; };
		A20000022 /* EntityPageService.swift */ = {isa = PBXFileReference; lastKnownFileType = sourcecode.swift; path = EntityPageService.swift; sourceTree = "<group>"; };
		A20000023 /* BackgroundCompilationService.swift */ = {isa = PBXFileReference; lastKnownFileType = sourcecode.swift; path = BackgroundCompilationService.swift; sourceTree = "<group>"; };
		A20000024 /* Info.plist */ = {isa = PBXFileReference; lastKnownFileType = text.plist.xml; path = Info.plist; sourceTree = "<group>"; };
		A20000029 /* Assets.xcassets */ = {isa = PBXFileReference; lastKnownFileType = folder.assetcatalog; path = Assets.xcassets; sourceTree = "<group>"; };
		A20000025 /* DailyPageView.swift */ = {isa = PBXFileReference; lastKnownFileType = sourcecode.swift; path = DailyPageView.swift; sourceTree = "<group>"; };
		A20000026 /* EntityPageView.swift */ = {isa = PBXFileReference; lastKnownFileType = sourcecode.swift; path = EntityPageView.swift; sourceTree = "<group>"; };
		A20000027 /* SearchService.swift */ = {isa = PBXFileReference; lastKnownFileType = sourcecode.swift; path = SearchService.swift; sourceTree = "<group>"; };
		A20000028 /* SearchView.swift */ = {isa = PBXFileReference; lastKnownFileType = sourcecode.swift; path = SearchView.swift; sourceTree = "<group>"; };
		A20000031 /* RawMemoView.swift */ = {isa = PBXFileReference; lastKnownFileType = sourcecode.swift; path = RawMemoView.swift; sourceTree = "<group>"; };
		A20000030 /* SettingsView.swift */ = {isa = PBXFileReference; lastKnownFileType = sourcecode.swift; path = SettingsView.swift; sourceTree = "<group>"; };
		A20000032 /* PassiveLocationService.swift */ = {isa = PBXFileReference; lastKnownFileType = sourcecode.swift; path = PassiveLocationService.swift; sourceTree = "<group>"; };
		A20000036 /* DayPageLogger.swift */ = {isa = PBXFileReference; lastKnownFileType = sourcecode.swift; path = DayPageLogger.swift; sourceTree = "<group>"; };
		A30000001 /* DayPage.app */ = {isa = PBXFileReference; explicitFileType = wrapper.application; includeInIndex = 0; path = DayPage.app; sourceTree = BUILT_PRODUCTS_DIR; };
		AF1000001 /* SpaceGrotesk-Light.ttf */ = {isa = PBXFileReference; lastKnownFileType = file; path = "SpaceGrotesk-Light.ttf"; sourceTree = "<group>"; };
		AF1000002 /* SpaceGrotesk-Regular.ttf */ = {isa = PBXFileReference; lastKnownFileType = file; path = "SpaceGrotesk-Regular.ttf"; sourceTree = "<group>"; };
		AF1000003 /* SpaceGrotesk-Medium.ttf */ = {isa = PBXFileReference; lastKnownFileType = file; path = "SpaceGrotesk-Medium.ttf"; sourceTree = "<group>"; };
		AF1000004 /* SpaceGrotesk-SemiBold.ttf */ = {isa = PBXFileReference; lastKnownFileType = file; path = "SpaceGrotesk-SemiBold.ttf"; sourceTree = "<group>"; };
		AF1000005 /* SpaceGrotesk-Bold.ttf */ = {isa = PBXFileReference; lastKnownFileType = file; path = "SpaceGrotesk-Bold.ttf"; sourceTree = "<group>"; };
		AF1000006 /* Inter-Light.ttf */ = {isa = PBXFileReference; lastKnownFileType = file; path = "Inter-Light.ttf"; sourceTree = "<group>"; };
		AF1000007 /* Inter-Regular.ttf */ = {isa = PBXFileReference; lastKnownFileType = file; path = "Inter-Regular.ttf"; sourceTree = "<group>"; };
		AF1000008 /* Inter-Medium.ttf */ = {isa = PBXFileReference; lastKnownFileType = file; path = "Inter-Medium.ttf"; sourceTree = "<group>"; };
		AF1000009 /* Inter-SemiBold.ttf */ = {isa = PBXFileReference; lastKnownFileType = file; path = "Inter-SemiBold.ttf"; sourceTree = "<group>"; };
		AF1000010 /* Inter-Bold.ttf */ = {isa = PBXFileReference; lastKnownFileType = file; path = "Inter-Bold.ttf"; sourceTree = "<group>"; };
		AF1000011 /* JetBrainsMono-Regular.ttf */ = {isa = PBXFileReference; lastKnownFileType = file; path = "JetBrainsMono-Regular.ttf"; sourceTree = "<group>"; };
		AF1000012 /* JetBrainsMono-Medium.ttf */ = {isa = PBXFileReference; lastKnownFileType = file; path = "JetBrainsMono-Medium.ttf"; sourceTree = "<group>"; };
/* End PBXFileReference section */

/* Begin PBXFrameworksBuildPhase section */
		A40000001 /* Frameworks */ = {
			isa = PBXFrameworksBuildPhase;
			buildActionMask = 2147483647;
			files = (
			);
			runOnlyForDeploymentPostprocessing = 0;
		};
/* End PBXFrameworksBuildPhase section */

/* Begin PBXGroup section */
		A50000001 /* DayPage */ = {
			isa = PBXGroup;
			children = (
				A50000002 /* App */,
				A50000003 /* DesignSystem */,
				A50000004 /* Features */,
				A50000005 /* Models */,
				A50000006 /* Services */,
				A50000007 /* Storage */,
				A50000008 /* Config */,
				A50000009 /* Products */,
			);
			path = DayPage;
			sourceTree = "<group>";
		};
		A50000002 /* App */ = {
			isa = PBXGroup;
			children = (
				A20000001 /* DayPageApp.swift */,
				A20000002 /* RootView.swift */,
				A20000024 /* Info.plist */,
				A20000029 /* Assets.xcassets */,
				AF2000001 /* Fonts */,
			);
			path = App;
			sourceTree = "<group>";
		};
		A50000003 /* DesignSystem */ = {
			isa = PBXGroup;
			children = (
				A20000005 /* Colors.swift */,
				A20000006 /* Typography.swift */,
				A20000007 /* Components.swift */,
			);
			path = DesignSystem;
			sourceTree = "<group>";
		};
		A50000004 /* Features */ = {
			isa = PBXGroup;
			children = (
				A50000010 /* Today */,
				A50000011 /* Daily */,
				A50000012 /* Archive */,
				A50000013 /* Entity */,
				A50000014 /* Graph */,
				A50000015 /* Settings */,
			);
			path = Features;
			sourceTree = "<group>";
		};
		A50000015 /* Settings */ = {
			isa = PBXGroup;
			children = (
				A20000030 /* SettingsView.swift */,
			);
			path = Settings;
			sourceTree = "<group>";
		};
		A50000005 /* Models */ = {
			isa = PBXGroup;
			children = (
				A20000008 /* Memo.swift */,
			);
			path = Models;
			sourceTree = "<group>";
		};
		A50000006 /* Services */ = {
			isa = PBXGroup;
			children = (
				A20000016 /* LocationService.swift */,
				A20000017 /* WeatherService.swift */,
				A20000018 /* PhotoService.swift */,
				A20000019 /* VoiceService.swift */,
				A20000021 /* CompilationService.swift */,
				A20000022 /* EntityPageService.swift */,
				A20000023 /* BackgroundCompilationService.swift */,
				A20000027 /* SearchService.swift */,
				A20000032 /* PassiveLocationService.swift */,
				A20000036 /* DayPageLogger.swift */,
			);
			path = Services;
			sourceTree = "<group>";
		};
		A50000007 /* Storage */ = {
			isa = PBXGroup;
			children = (
				A20000003 /* VaultInitializer.swift */,
				A20000009 /* RawStorage.swift */,
			);
			path = Storage;
			sourceTree = "<group>";
		};
		A50000008 /* Config */ = {
			isa = PBXGroup;
			children = (
				A20000004 /* GeneratedSecrets.swift */,
			);
			path = Config;
			sourceTree = "<group>";
		};
		A50000009 /* Products */ = {
			isa = PBXGroup;
			children = (
				A30000001 /* DayPage.app */,
			);
			name = Products;
			sourceTree = "<group>";
		};
		A50000010 /* Today */ = {
			isa = PBXGroup;
			children = (
				A20000010 /* TodayView.swift */,
				A20000013 /* TodayViewModel.swift */,
				A20000014 /* MemoCardView.swift */,
				A20000015 /* InputBarView.swift */,
				A20000020 /* VoiceRecordingView.swift */,
				A20000033 /* CameraPickerView.swift */,
				A20000034 /* DocumentPickerView.swift */,
			);
			path = Today;
			sourceTree = "<group>";
		};
		A50000011 /* Daily */ = {
			isa = PBXGroup;
			children = (
				A20000025 /* DailyPageView.swift */,
			);
			path = Daily;
			sourceTree = "<group>";
		};
		A50000012 /* Archive */ = {
			isa = PBXGroup;
			children = (
				A20000011 /* ArchiveView.swift */,
				A20000028 /* SearchView.swift */,
				A20000031 /* RawMemoView.swift */,
			);
			path = Archive;
			sourceTree = "<group>";
		};
		A50000013 /* Entity */ = {
			isa = PBXGroup;
			children = (
				A20000026 /* EntityPageView.swift */,
			);
			path = Entity;
			sourceTree = "<group>";
		};
		A50000014 /* Graph */ = {
			isa = PBXGroup;
			children = (
				A20000012 /* GraphView.swift */,
				A20000035 /* GraphViewModel.swift */,
			);
			path = Graph;
			sourceTree = "<group>";
		};
		A60000001 = {
			isa = PBXGroup;
			children = (
				A50000001 /* DayPage */,
			);
			sourceTree = "<group>";
		};
		AF2000001 /* Fonts */ = {
			isa = PBXGroup;
			children = (
				AF1000001 /* SpaceGrotesk-Light.ttf */,
				AF1000002 /* SpaceGrotesk-Regular.ttf */,
				AF1000003 /* SpaceGrotesk-Medium.ttf */,
				AF1000004 /* SpaceGrotesk-SemiBold.ttf */,
				AF1000005 /* SpaceGrotesk-Bold.ttf */,
				AF1000006 /* Inter-Light.ttf */,
				AF1000007 /* Inter-Regular.ttf */,
				AF1000008 /* Inter-Medium.ttf */,
				AF1000009 /* Inter-SemiBold.ttf */,
				AF1000010 /* Inter-Bold.ttf */,
				AF1000011 /* JetBrainsMono-Regular.ttf */,
				AF1000012 /* JetBrainsMono-Medium.ttf */,
			);
			path = Fonts;
			sourceTree = "<group>";
		};
/* End PBXGroup section */

/* Begin PBXNativeTarget section */
		A70000001 /* DayPage */ = {
			isa = PBXNativeTarget;
			buildConfigurationList = A80000001 /* Build configuration list for PBXNativeTarget "DayPage" */;
			buildPhases = (
				AE0000001 /* Generate Secrets */,
				A90000001 /* Sources */,
				A40000001 /* Frameworks */,
				AA0000001 /* Resources */,
			);
			buildRules = (
			);
			dependencies = (
			);
			name = DayPage;
			productName = DayPage;
			productReference = A30000001 /* DayPage.app */;
			productType = "com.apple.product-type.application";
		};
/* End PBXNativeTarget section */

/* Begin PBXProject section */
		AB0000001 /* Project object */ = {
			isa = PBXProject;
			attributes = {
				BuildIndependentTargetsInParallel = 1;
				LastSwiftUpdateCheck = 1600;
				LastUpgradeCheck = 1600;
				TargetAttributes = {
					A70000001 = {
						CreatedOnToolsVersion = 16.0;
					};
				};
			};
			buildConfigurationList = A80000002 /* Build configuration list for PBXProject "DayPage" */;
			compatibilityVersion = "Xcode 14.0";
			developmentRegion = en;
			hasScannedForEncodings = 0;
			knownRegions = (
				en,
				Base,
			);
			mainGroup = A60000001;
			productRefGroup = A50000009 /* Products */;
			projectDirPath = "";
			projectRoot = "";
			targets = (
				A70000001 /* DayPage */,
			);
		};
/* End PBXProject section */

/* Begin PBXResourcesBuildPhase section */
		AA0000001 /* Resources */ = {
			isa = PBXResourcesBuildPhase;
			buildActionMask = 2147483647;
			files = (
				AF0000001 /* SpaceGrotesk-Light.ttf in Resources */,
				AF0000002 /* SpaceGrotesk-Regular.ttf in Resources */,
				AF0000003 /* SpaceGrotesk-Medium.ttf in Resources */,
				AF0000004 /* SpaceGrotesk-SemiBold.ttf in Resources */,
				AF0000005 /* SpaceGrotesk-Bold.ttf in Resources */,
				AF0000006 /* Inter-Light.ttf in Resources */,
				AF0000007 /* Inter-Regular.ttf in Resources */,
				AF0000008 /* Inter-Medium.ttf in Resources */,
				AF0000009 /* Inter-SemiBold.ttf in Resources */,
				AF0000010 /* Inter-Bold.ttf in Resources */,
				AF0000011 /* JetBrainsMono-Regular.ttf in Resources */,
				AF0000012 /* JetBrainsMono-Medium.ttf in Resources */,
				A10000029 /* Assets.xcassets in Resources */,
			);
			runOnlyForDeploymentPostprocessing = 0;
		};
/* End PBXResourcesBuildPhase section */

/* Begin PBXShellScriptBuildPhase section */
		AE0000001 /* Generate Secrets */ = {
			isa = PBXShellScriptBuildPhase;
			buildActionMask = 2147483647;
			files = (
			);
			inputPaths = (
				"$(SRCROOT)/.env",
			);
			name = "Generate Secrets";
			outputPaths = (
				"$(SRCROOT)/DayPage/Config/GeneratedSecrets.swift",
			);
			runOnlyForDeploymentPostprocessing = 0;
			shellPath = /bin/bash;
			shellScript = "\"${SRCROOT}/scripts/generate_secrets.sh\"\n";
			showEnvVarsInLog = 0;
		};
/* End PBXShellScriptBuildPhase section */

/* Begin PBXSourcesBuildPhase section */
		A90000001 /* Sources */ = {
			isa = PBXSourcesBuildPhase;
			buildActionMask = 2147483647;
			files = (
				A10000001 /* DayPageApp.swift in Sources */,
				A10000002 /* RootView.swift in Sources */,
				A10000003 /* VaultInitializer.swift in Sources */,
				A10000004 /* GeneratedSecrets.swift in Sources */,
				A10000005 /* Colors.swift in Sources */,
				A10000006 /* Typography.swift in Sources */,
				A10000007 /* Components.swift in Sources */,
				A10000008 /* Memo.swift in Sources */,
				A10000009 /* RawStorage.swift in Sources */,
				A10000010 /* TodayView.swift in Sources */,
				A10000011 /* ArchiveView.swift in Sources */,
				A10000012 /* GraphView.swift in Sources */,
				A10000035 /* GraphViewModel.swift in Sources */,
				A10000013 /* TodayViewModel.swift in Sources */,
				A10000014 /* MemoCardView.swift in Sources */,
				A10000015 /* InputBarView.swift in Sources */,
				A10000016 /* LocationService.swift in Sources */,
				A10000017 /* WeatherService.swift in Sources */,
				A10000018 /* PhotoService.swift in Sources */,
				A10000019 /* VoiceService.swift in Sources */,
				A10000020 /* VoiceRecordingView.swift in Sources */,
				A10000033 /* CameraPickerView.swift in Sources */,
				A10000034 /* DocumentPickerView.swift in Sources */,
				A10000021 /* CompilationService.swift in Sources */,
				A10000022 /* EntityPageService.swift in Sources */,
				A10000023 /* BackgroundCompilationService.swift in Sources */,
				A10000025 /* DailyPageView.swift in Sources */,
				A10000026 /* EntityPageView.swift in Sources */,
				A10000027 /* SearchService.swift in Sources */,
				A10000028 /* SearchView.swift in Sources */,
				A10000031 /* RawMemoView.swift in Sources */,
				A10000030 /* SettingsView.swift in Sources */,
				A10000032 /* PassiveLocationService.swift in Sources */,
				A10000036 /* DayPageLogger.swift in Sources */,
			);
			runOnlyForDeploymentPostprocessing = 0;
		};
/* End PBXSourcesBuildPhase section */

/* Begin XCBuildConfiguration section */
		AC0000001 /* Debug */ = {
			isa = XCBuildConfiguration;
			buildSettings = {
				ALWAYS_SEARCH_USER_PATHS = NO;
				ASSETCATALOG_COMPILER_GENERATE_SWIFT_ASSET_SYMBOL_EXTENSIONS = YES;
				CLANG_ANALYZER_NONNULL = YES;
				CLANG_ANALYZER_NUMBER_OBJECT_CONVERSION = YES_AGGRESSIVE;
				CLANG_CXX_LANGUAGE_STANDARD = "gnu++20";
				CLANG_ENABLE_MODULES = YES;
				CLANG_ENABLE_OBJC_ARC = YES;
				CLANG_ENABLE_OBJC_WEAK = YES;
				CLANG_WARN_BLOCK_CAPTURE_AUTORELEASING = YES;
				CLANG_WARN_BOOL_CONVERSION = YES;
				CLANG_WARN_COMMA = YES;
				CLANG_WARN_CONSTANT_CONVERSION = YES;
				CLANG_WARN_DEPRECATED_OBJC_IMPLEMENTATIONS = YES;
				CLANG_WARN_DIRECT_OBJC_ISA_USAGE = YES_ERROR;
				CLANG_WARN_DOCUMENTATION_COMMENTS = YES;
				CLANG_WARN_EMPTY_BODY = YES;
				CLANG_WARN_ENUM_CONVERSION = YES;
				CLANG_WARN_INFINITE_RECURSION = YES;
				CLANG_WARN_INT_CONVERSION = YES;
				CLANG_WARN_NON_LITERAL_NULL_CONVERSION = YES;
				CLANG_WARN_OBJC_IMPLICIT_RETAIN_SELF = YES;
				CLANG_WARN_OBJC_LITERAL_CONVERSION = YES;
				CLANG_WARN_OBJC_ROOT_CLASS = YES_ERROR;
				CLANG_WARN_QUOTED_INCLUDE_IN_FRAMEWORK_HEADER = YES;
				CLANG_WARN_RANGE_LOOP_ANALYSIS = YES;
				CLANG_WARN_STRICT_PROTOTYPES = YES;
				CLANG_WARN_SUSPICIOUS_MOVE = YES;
				CLANG_WARN_UNGUARDED_AVAILABILITY = YES_AGGRESSIVE;
				CLANG_WARN_UNREACHABLE_CODE = YES;
				CLANG_WARN__DUPLICATE_METHOD_MATCH = YES;
				COPY_PHASE_STRIP = NO;
				DEBUG_INFORMATION_FORMAT = dwarf;
				ENABLE_STRICT_OBJC_MSGSEND = YES;
				ENABLE_TESTABILITY = YES;
				ENABLE_USER_SCRIPT_SANDBOXING = NO;
				GCC_C_LANGUAGE_STANDARD = gnu17;
				GCC_DYNAMIC_NO_PIC = NO;
				GCC_NO_COMMON_BLOCKS = YES;
				GCC_OPTIMIZATION_LEVEL = 0;
				GCC_PREPROCESSOR_DEFINITIONS = (
					"DEBUG=1",
					"$(inherited)",
				);
				GCC_WARN_64_TO_32_BIT_CONVERSION = YES;
				GCC_WARN_ABOUT_RETURN_TYPE = YES_ERROR;
				GCC_WARN_UNDECLARED_SELECTOR = YES;
				GCC_WARN_UNINITIALIZED_AUTOS = YES_AGGRESSIVE;
				GCC_WARN_UNUSED_FUNCTION = YES;
				GCC_WARN_UNUSED_VARIABLE = YES;
				IPHONEOS_DEPLOYMENT_TARGET = 16.0;
				MTL_ENABLE_DEBUG_INFO = INCLUDE_SOURCE;
				MTL_FAST_MATH = YES;
				ONLY_ACTIVE_ARCH = YES;
				SDKROOT = iphoneos;
				SWIFT_ACTIVE_COMPILATION_CONDITIONS = DEBUG;
				SWIFT_OPTIMIZATION_LEVEL = "-Onone";
			};
			name = Debug;
		};
		AC0000002 /* Release */ = {
			isa = XCBuildConfiguration;
			buildSettings = {
				ALWAYS_SEARCH_USER_PATHS = NO;
				ASSETCATALOG_COMPILER_GENERATE_SWIFT_ASSET_SYMBOL_EXTENSIONS = YES;
				CLANG_ANALYZER_NONNULL = YES;
				CLANG_ANALYZER_NUMBER_OBJECT_CONVERSION = YES_AGGRESSIVE;
				CLANG_CXX_LANGUAGE_STANDARD = "gnu++20";
				CLANG_ENABLE_MODULES = YES;
				CLANG_ENABLE_OBJC_ARC = YES;
				CLANG_ENABLE_OBJC_WEAK = YES;
				CLANG_WARN_BLOCK_CAPTURE_AUTORELEASING = YES;
				CLANG_WARN_BOOL_CONVERSION = YES;
				CLANG_WARN_COMMA = YES;
				CLANG_WARN_CONSTANT_CONVERSION = YES;
				CLANG_WARN_DEPRECATED_OBJC_IMPLEMENTATIONS = YES;
				CLANG_WARN_DIRECT_OBJC_ISA_USAGE = YES_ERROR;
				CLANG_WARN_DOCUMENTATION_COMMENTS = YES;
				CLANG_WARN_EMPTY_BODY = YES;
				CLANG_WARN_ENUM_CONVERSION = YES;
				CLANG_WARN_INFINITE_RECURSION = YES;
				CLANG_WARN_INT_CONVERSION = YES;
				CLANG_WARN_NON_LITERAL_NULL_CONVERSION = YES;
				CLANG_WARN_OBJC_IMPLICIT_RETAIN_SELF = YES;
				CLANG_WARN_OBJC_LITERAL_CONVERSION = YES;
				CLANG_WARN_OBJC_ROOT_CLASS = YES_ERROR;
				CLANG_WARN_QUOTED_INCLUDE_IN_FRAMEWORK_HEADER = YES;
				CLANG_WARN_RANGE_LOOP_ANALYSIS = YES;
				CLANG_WARN_STRICT_PROTOTYPES = YES;
				CLANG_WARN_SUSPICIOUS_MOVE = YES;
				CLANG_WARN_UNGUARDED_AVAILABILITY = YES_AGGRESSIVE;
				CLANG_WARN_UNREACHABLE_CODE = YES;
				CLANG_WARN__DUPLICATE_METHOD_MATCH = YES;
				COPY_PHASE_STRIP = NO;
				DEBUG_INFORMATION_FORMAT = "dwarf-with-dsym";
				ENABLE_NS_ASSERTIONS = NO;
				ENABLE_STRICT_OBJC_MSGSEND = YES;
				ENABLE_USER_SCRIPT_SANDBOXING = NO;
				GCC_C_LANGUAGE_STANDARD = gnu17;
				GCC_NO_COMMON_BLOCKS = YES;
				GCC_WARN_64_TO_32_BIT_CONVERSION = YES;
				GCC_WARN_ABOUT_RETURN_TYPE = YES_ERROR;
				GCC_WARN_UNDECLARED_SELECTOR = YES;
				GCC_WARN_UNINITIALIZED_AUTOS = YES_AGGRESSIVE;
				GCC_WARN_UNUSED_FUNCTION = YES;
				GCC_WARN_UNUSED_VARIABLE = YES;
				IPHONEOS_DEPLOYMENT_TARGET = 16.0;
				MTL_FAST_MATH = YES;
				SDKROOT = iphoneos;
				SWIFT_COMPILATION_MODE = wholemodule;
				SWIFT_OPTIMIZATION_LEVEL = "-O";
				VALIDATE_PRODUCT = YES;
			};
			name = Release;
		};
		AC0000003 /* Debug */ = {
			isa = XCBuildConfiguration;
			buildSettings = {
				ASSETCATALOG_COMPILER_APPICON_NAME = AppIcon;
				ASSETCATALOG_COMPILER_GLOBAL_ACCENT_COLOR_NAME = AccentColor;
				CODE_SIGN_STYLE = Automatic;
				CURRENT_PROJECT_VERSION = 1;
				DEVELOPMENT_TEAM = 6RG2F8YY59;
				ENABLE_PREVIEWS = YES;
				GENERATE_INFOPLIST_FILE = YES;
				INFOPLIST_FILE = DayPage/App/Info.plist;
				INFOPLIST_KEY_NSLocationWhenInUseUsageDescription = "DayPage 需要您的位置来为 memo 添加地点标记。";
				INFOPLIST_KEY_NSMicrophoneUsageDescription = "DayPage 需要访问麦克风，以便录制语音 memo 并自动转写为文字。";
				INFOPLIST_KEY_NSPhotoLibraryUsageDescription = "DayPage 需要访问相册，以便将照片附加到 memo 并保留原始 EXIF 数据。";
				INFOPLIST_KEY_UIApplicationSceneManifest_Generation = YES;
				INFOPLIST_KEY_UIApplicationSupportsIndirectInputEvents = YES;
				INFOPLIST_KEY_UILaunchScreen_Generation = YES;
				INFOPLIST_KEY_UISupportedInterfaceOrientations_iPad = "UIInterfaceOrientationPortrait UIInterfaceOrientationPortraitUpsideDown UIInterfaceOrientationLandscapeLeft UIInterfaceOrientationLandscapeRight";
				INFOPLIST_KEY_UISupportedInterfaceOrientations_iPhone = "UIInterfaceOrientationPortrait UIInterfaceOrientationLandscapeLeft UIInterfaceOrientationLandscapeRight";
				IPHONEOS_DEPLOYMENT_TARGET = 16.0;
				LD_RUNPATH_SEARCH_PATHS = (
					"$(inherited)",
					"@executable_path/Frameworks",
				);
				MARKETING_VERSION = 1.0;
				PRODUCT_BUNDLE_IDENTIFIER = com.daypage.app;
				PRODUCT_NAME = "$(TARGET_NAME)";
				SWIFT_EMIT_LOC_STRINGS = YES;
				SWIFT_VERSION = 5.0;
				TARGETED_DEVICE_FAMILY = "1,2";
			};
			name = Debug;
		};
		AC0000004 /* Release */ = {
			isa = XCBuildConfiguration;
			buildSettings = {
				ASSETCATALOG_COMPILER_APPICON_NAME = AppIcon;
				ASSETCATALOG_COMPILER_GLOBAL_ACCENT_COLOR_NAME = AccentColor;
				CODE_SIGN_STYLE = Automatic;
				CURRENT_PROJECT_VERSION = 1;
				DEVELOPMENT_TEAM = 6RG2F8YY59;
				ENABLE_PREVIEWS = YES;
				GENERATE_INFOPLIST_FILE = YES;
				INFOPLIST_FILE = DayPage/App/Info.plist;
				INFOPLIST_KEY_NSLocationWhenInUseUsageDescription = "DayPage 需要您的位置来为 memo 添加地点标记。";
				INFOPLIST_KEY_NSMicrophoneUsageDescription = "DayPage 需要访问麦克风，以便录制语音 memo 并自动转写为文字。";
				INFOPLIST_KEY_NSPhotoLibraryUsageDescription = "DayPage 需要访问相册，以便将照片附加到 memo 并保留原始 EXIF 数据。";
				INFOPLIST_KEY_UIApplicationSceneManifest_Generation = YES;
				INFOPLIST_KEY_UIApplicationSupportsIndirectInputEvents = YES;
				INFOPLIST_KEY_UILaunchScreen_Generation = YES;
				INFOPLIST_KEY_UISupportedInterfaceOrientations_iPad = "UIInterfaceOrientationPortrait UIInterfaceOrientationPortraitUpsideDown UIInterfaceOrientationLandscapeLeft UIInterfaceOrientationLandscapeRight";
				INFOPLIST_KEY_UISupportedInterfaceOrientations_iPhone = "UIInterfaceOrientationPortrait UIInterfaceOrientationLandscapeLeft UIInterfaceOrientationLandscapeRight";
				IPHONEOS_DEPLOYMENT_TARGET = 16.0;
				LD_RUNPATH_SEARCH_PATHS = (
					"$(inherited)",
					"@executable_path/Frameworks",
				);
				MARKETING_VERSION = 1.0;
				PRODUCT_BUNDLE_IDENTIFIER = com.daypage.app;
				PRODUCT_NAME = "$(TARGET_NAME)";
				SWIFT_EMIT_LOC_STRINGS = YES;
				SWIFT_VERSION = 5.0;
				TARGETED_DEVICE_FAMILY = "1,2";
			};
			name = Release;
		};
/* End XCBuildConfiguration section */

/* Begin XCConfigurationList section */
		A80000001 /* Build configuration list for PBXNativeTarget "DayPage" */ = {
			isa = XCConfigurationList;
			buildConfigurations = (
				AC0000003 /* Debug */,
				AC0000004 /* Release */,
			);
			defaultConfigurationIsVisible = 0;
			defaultConfigurationName = Release;
		};
		A80000002 /* Build configuration list for PBXProject "DayPage" */ = {
			isa = XCConfigurationList;
			buildConfigurations = (
				AC0000001 /* Debug */,
				AC0000002 /* Release */,
			);
			defaultConfigurationIsVisible = 0;
			defaultConfigurationName = Release;
		};
/* End XCConfigurationList section */
	};
	rootObject = AB0000001 /* Project object */;
}
